
Microsoft Visual Studio Solution File, Format Version 12.00
# Visual Studio 15
VisualStudioVersion = 15.0.27703.2047
MinimumVisualStudioVersion = 10.0.40219.1
Project("{FAE04EC0-301F-11D3-BF4B-00C04F79EFBC}") = "Telerik.RazorConverter", "Telerik.RazorConverter\Telerik.RazorConverter.csproj", "{88630458-D5BE-43B0-A7FB-BC0DFE6CB62E}"
EndProject
Project("{FAE04EC0-301F-11D3-BF4B-00C04F79EFBC}") = "Telerik.RazorConverter.Tests", "Telerik.RazorConverter.Tests\Telerik.RazorConverter.Tests.csproj", "{2445EA5B-53A9-4522-B0B8-342C1241A13A}"
EndProject
Project("{FAE04EC0-301F-11D3-BF4B-00C04F79EFBC}") = "aspx2razor", "aspx2razor\aspx2razor.csproj", "{5E999157-A2E2-431D-A5C3-87EF79C62A05}"
EndProject
Project("{FAE04EC0-301F-11D3-BF4B-00C04F79EFBC}") = "Telerik.RazorConverter.Tests.Common", "Telerik.RazorConverter.Tests.Common\Telerik.RazorConverter.Tests.Common.csproj", "{B30D861F-7D12-436A-BC5A-930D48291037}"
EndProject
Project("{FAE04EC0-301F-11D3-BF4B-00C04F79EFBC}") = "Telerik.RazorConverter.Tests.Integration", "Telerik.RazorConverter.Tests.Integration\Telerik.RazorConverter.Tests.Integration.csproj", "{D41C5C1A-83E4-43E4-AE54-2FC44CE87BA8}"
EndProject
Project("{2150E333-8FDC-42A3-9474-1A3956D46DE8}") = "TestItems", "TestItems", "{02F8810D-BE2D-4D6E-9EF7-7A7DBA8502A6}"
EndProject
Project("{2150E333-8FDC-42A3-9474-1A3956D46DE8}") = "Solution Items", "Solution Items", "{F4DA0538-E425-4E71-A508-0D024B125043}"
EndProject
Global
	GlobalSection(SolutionConfigurationPlatforms) = preSolution
		Debug|Any CPU = Debug|Any CPU
		Release|Any CPU = Release|Any CPU
	EndGlobalSection
	GlobalSection(ProjectConfigurationPlatforms) = postSolution
		{88630458-D5BE-43B0-A7FB-BC0DFE6CB62E}.Debug|Any CPU.ActiveCfg = Debug|Any CPU
		{88630458-D5BE-43B0-A7FB-BC0DFE6CB62E}.Debug|Any CPU.Build.0 = Debug|Any CPU
		{88630458-D5BE-43B0-A7FB-BC0DFE6CB62E}.Release|Any CPU.ActiveCfg = Release|Any CPU
		{88630458-D5BE-43B0-A7FB-BC0DFE6CB62E}.Release|Any CPU.Build.0 = Release|Any CPU
		{2445EA5B-53A9-4522-B0B8-342C1241A13A}.Debug|Any CPU.ActiveCfg = Debug|Any CPU
		{2445EA5B-53A9-4522-B0B8-342C1241A13A}.Debug|Any CPU.Build.0 = Debug|Any CPU
		{2445EA5B-53A9-4522-B0B8-342C1241A13A}.Release|Any CPU.ActiveCfg = Release|Any CPU
		{2445EA5B-53A9-4522-B0B8-342C1241A13A}.Release|Any CPU.Build.0 = Release|Any CPU
		{5E999157-A2E2-431D-A5C3-87EF79C62A05}.Debug|Any CPU.ActiveCfg = Debug|Any CPU
		{5E999157-A2E2-431D-A5C3-87EF79C62A05}.Debug|Any CPU.Build.0 = Debug|Any CPU
		{5E999157-A2E2-431D-A5C3-87EF79C62A05}.Release|Any CPU.ActiveCfg = Release|Any CPU
		{5E999157-A2E2-431D-A5C3-87EF79C62A05}.Release|Any CPU.Build.0 = Release|Any CPU
		{B30D861F-7D12-436A-BC5A-930D48291037}.Debug|Any CPU.ActiveCfg = Debug|Any CPU
		{B30D861F-7D12-436A-BC5A-930D48291037}.Debug|Any CPU.Build.0 = Debug|Any CPU
		{B30D861F-7D12-436A-BC5A-930D48291037}.Release|Any CPU.ActiveCfg = Release|Any CPU
		{B30D861F-7D12-436A-BC5A-930D48291037}.Release|Any CPU.Build.0 = Release|Any CPU
		{D41C5C1A-83E4-43E4-AE54-2FC44CE87BA8}.Debug|Any CPU.ActiveCfg = Debug|Any CPU
		{D41C5C1A-83E4-43E4-AE54-2FC44CE87BA8}.Debug|Any CPU.Build.0 = Debug|Any CPU
		{D41C5C1A-83E4-43E4-AE54-2FC44CE87BA8}.Release|Any CPU.ActiveCfg = Release|Any CPU
		{D41C5C1A-83E4-43E4-AE54-2FC44CE87BA8}.Release|Any CPU.Build.0 = Release|Any CPU
	EndGlobalSection
	GlobalSection(SolutionProperties) = preSolution
		HideSolutionNode = FALSE
	EndGlobalSection
EndGlobal
